{
  "nodes": {
    "home-manager": {
      "inputs": {
        "nixpkgs": "nixpkgs"
      },
      "locked": {
        "lastModified": 1720646128,
        "narHash": "sha256-BivO5yIQukDlJL+1875Sqf3GuOPxZDdA48dYDi3PkL8=",
        "owner": "nix-community",
        "repo": "home-manager",
        "rev": "c085b984ff2808bf322f375b10fea5a415a9c43d",
        "type": "github"
      },
      "original": {
        "id": "home-manager",
        "type": "indirect"
      }
    },
    "nixpkgs": {
      "locked": {
        "lastModified": 1719848872,
        "narHash": "sha256-H3+EC5cYuq+gQW8y0lSrrDZfH71LB4DAf+TDFyvwCNA=",
        "owner": "NixOS",
        "repo": "nixpkgs",
        "rev": "00d80d13810dbfea8ab4ed1009b09100cca86ba8",
        "type": "github"
      },
      "original": {
        "owner": "NixOS",
        "ref": "nixos-unstable",
        "repo": "nixpkgs",
        "type": "github"
      }
    },
    "nixpkgs_2": {
      "locked": {
        "lastModified": 0,
        "narHash": "sha256-qtbVjEJDG32KEyK0YvAbOnWi3hgQ2j9tvQGeVbtDTMc=",
        "path": "/nix/store/iambaf3agk0gwyy9gmgqipp1s18zc32s-source",
        "type": "path"
      },
      "original": {
        "id": "nixpkgs",
        "type": "indirect"
      }
    },
    "root": {
      "inputs": {
        "home-manager": "home-manager",
        "nixpkgs": "nixpkgs_2"
      }
    }
  },
  "root": "root",
  "version": 7
}
